// !$*UTF8*$!
{
	archiveVersion = 1;
	classes = {
	};
	objectVersion = 46;
	objects = {

/* Begin PBXBuildFile section */
		972E3BD41BA605D000E8C3DB /* BaseViewController.swift in Sources */ = {isa = PBXBuildFile; fileRef = 972E3BC71BA605D000E8C3DB /* BaseViewController.swift */; };
		972E3BD51BA605D000E8C3DB /* cbox.xib in Resources */ = {isa = PBXBuildFile; fileRef = 972E3BC81BA605D000E8C3DB /* cbox.xib */; };
		972E3BD61BA605D000E8C3DB /* checkboxcell.xib in Resources */ = {isa = PBXBuildFile; fileRef = 972E3BC91BA605D000E8C3DB /* checkboxcell.xib */; };
		972E3BD71BA605D000E8C3DB /* checklist.swift in Sources */ = {isa = PBXBuildFile; fileRef = 972E3BCA1BA605D000E8C3DB /* checklist.swift */; };
		972E3BD81BA605D000E8C3DB /* checklistDetail.swift in Sources */ = {isa = PBXBuildFile; fileRef = 972E3BCB1BA605D000E8C3DB /* checklistDetail.swift */; };
		972E3BD91BA605D000E8C3DB /* constants.swift in Sources */ = {isa = PBXBuildFile; fileRef = 972E3BCC1BA605D000E8C3DB /* constants.swift */; };
		972E3BDA1BA605D000E8C3DB /* defaults.strings in Resources */ = {isa = PBXBuildFile; fileRef = 972E3BCD1BA605D000E8C3DB /* defaults.strings */; };
		972E3BDC1BA605D000E8C3DB /* item.swift in Sources */ = {isa = PBXBuildFile; fileRef = 972E3BCF1BA605D000E8C3DB /* item.swift */; };
		972E3BDD1BA605D000E8C3DB /* storage.swift in Sources */ = {isa = PBXBuildFile; fileRef = 972E3BD01BA605D000E8C3DB /* storage.swift */; };
		972E3BDE1BA605D000E8C3DB /* titles.strings in Resources */ = {isa = PBXBuildFile; fileRef = 972E3BD11BA605D000E8C3DB /* titles.strings */; };
		972E3BDF1BA605D000E8C3DB /* todo in Resources */ = {isa = PBXBuildFile; fileRef = 972E3BD21BA605D000E8C3DB /* todo */; };
		972E3BE01BA605D000E8C3DB /* utils.swift in Sources */ = {isa = PBXBuildFile; fileRef = 972E3BD31BA605D000E8C3DB /* utils.swift */; };
		972E3BF31BB13DDA00E8C3DB /* heart_selected.png in Resources */ = {isa = PBXBuildFile; fileRef = 972E3BF21BB13DDA00E8C3DB /* heart_selected.png */; };
		972E3BFB1BB283FE00E8C3DB /* heart_unselected.png in Resources */ = {isa = PBXBuildFile; fileRef = 972E3BFA1BB283FE00E8C3DB /* heart_unselected.png */; };
		97E916FA1BA6052F00D07C25 /* AppDelegate.swift in Sources */ = {isa = PBXBuildFile; fileRef = 97E916F91BA6052F00D07C25 /* AppDelegate.swift */; };
		97E916FF1BA6052F00D07C25 /* Main.storyboard in Resources */ = {isa = PBXBuildFile; fileRef = 97E916FD1BA6052F00D07C25 /* Main.storyboard */; };
		97E917011BA6052F00D07C25 /* Images.xcassets in Resources */ = {isa = PBXBuildFile; fileRef = 97E917001BA6052F00D07C25 /* Images.xcassets */; };
		97E917041BA6052F00D07C25 /* LaunchScreen.xib in Resources */ = {isa = PBXBuildFile; fileRef = 97E917021BA6052F00D07C25 /* LaunchScreen.xib */; };
		97E917101BA6052F00D07C25 /* ShoeboxTests.swift in Sources */ = {isa = PBXBuildFile; fileRef = 97E9170F1BA6052F00D07C25 /* ShoeboxTests.swift */; };
/* End PBXBuildFile section */

/* Begin PBXContainerItemProxy section */
		97E9170A1BA6052F00D07C25 /* PBXContainerItemProxy */ = {
			isa = PBXContainerItemProxy;
			containerPortal = 97E916EC1BA6052F00D07C25 /* Project object */;
			proxyType = 1;
			remoteGlobalIDString = 97E916F31BA6052F00D07C25;
			remoteInfo = Shoebox;
		};
/* End PBXContainerItemProxy section */

/* Begin PBXFileReference section */
		972E3BC71BA605D000E8C3DB /* BaseViewController.swift */ = {isa = PBXFileReference; fileEncoding = 4; lastKnownFileType = sourcecode.swift; path = BaseViewController.swift; sourceTree = "<group>"; };
		972E3BC81BA605D000E8C3DB /* cbox.xib */ = {isa = PBXFileReference; fileEncoding = 4; lastKnownFileType = file.xib; path = cbox.xib; sourceTree = "<group>"; };
		972E3BC91BA605D000E8C3DB /* checkboxcell.xib */ = {isa = PBXFileReference; fileEncoding = 4; lastKnownFileType = file.xib; path = checkboxcell.xib; sourceTree = "<group>"; };
		972E3BCA1BA605D000E8C3DB /* checklist.swift */ = {isa = PBXFileReference; fileEncoding = 4; lastKnownFileType = sourcecode.swift; path = checklist.swift; sourceTree = "<group>"; };
		972E3BCB1BA605D000E8C3DB /* checklistDetail.swift */ = {isa = PBXFileReference; fileEncoding = 4; lastKnownFileType = sourcecode.swift; path = checklistDetail.swift; sourceTree = "<group>"; };
		972E3BCC1BA605D000E8C3DB /* constants.swift */ = {isa = PBXFileReference; fileEncoding = 4; lastKnownFileType = sourcecode.swift; path = constants.swift; sourceTree = "<group>"; };
		972E3BCD1BA605D000E8C3DB /* defaults.strings */ = {isa = PBXFileReference; fileEncoding = 4; lastKnownFileType = text.plist.strings; path = defaults.strings; sourceTree = "<group>"; };
		972E3BCF1BA605D000E8C3DB /* item.swift */ = {isa = PBXFileReference; fileEncoding = 4; lastKnownFileType = sourcecode.swift; path = item.swift; sourceTree = "<group>"; };
		972E3BD01BA605D000E8C3DB /* storage.swift */ = {isa = PBXFileReference; fileEncoding = 4; lastKnownFileType = sourcecode.swift; path = storage.swift; sourceTree = "<group>"; };
		972E3BD11BA605D000E8C3DB /* titles.strings */ = {isa = PBXFileReference; fileEncoding = 4; lastKnownFileType = text.plist.strings; path = titles.strings; sourceTree = "<group>"; };
		972E3BD21BA605D000E8C3DB /* todo */ = {isa = PBXFileReference; fileEncoding = 4; lastKnownFileType = text; path = todo; sourceTree = "<group>"; };
		972E3BD31BA605D000E8C3DB /* utils.swift */ = {isa = PBXFileReference; fileEncoding = 4; lastKnownFileType = sourcecode.swift; path = utils.swift; sourceTree = "<group>"; };
		972E3BF21BB13DDA00E8C3DB /* heart_selected.png */ = {isa = PBXFileReference; lastKnownFileType = image.png; path = heart_selected.png; sourceTree = "<group>"; };
		972E3BFA1BB283FE00E8C3DB /* heart_unselected.png */ = {isa = PBXFileReference; lastKnownFileType = image.png; path = heart_unselected.png; sourceTree = "<group>"; };
		97E916F41BA6052F00D07C25 /* Shoebox.temp_caseinsensitive_rename.temp_caseinsensitive_rename.app */ = {isa = PBXFileReference; explicitFileType = wrapper.application; includeInIndex = 0; path = Shoebox.temp_caseinsensitive_rename.temp_caseinsensitive_rename.app; sourceTree = BUILT_PRODUCTS_DIR; };
		97E916F81BA6052F00D07C25 /* Info.plist */ = {isa = PBXFileReference; lastKnownFileType = text.plist.xml; path = Info.plist; sourceTree = "<group>"; };
		97E916F91BA6052F00D07C25 /* AppDelegate.swift */ = {isa = PBXFileReference; lastKnownFileType = sourcecode.swift; path = AppDelegate.swift; sourceTree = "<group>"; };
		97E916FE1BA6052F00D07C25 /* Base */ = {isa = PBXFileReference; lastKnownFileType = file.storyboard; name = Base; path = Base.lproj/Main.storyboard; sourceTree = "<group>"; };
		97E917001BA6052F00D07C25 /* Images.xcassets */ = {isa = PBXFileReference; lastKnownFileType = folder.assetcatalog; path = Images.xcassets; sourceTree = "<group>"; };
		97E917031BA6052F00D07C25 /* Base */ = {isa = PBXFileReference; lastKnownFileType = file.xib; name = Base; path = Base.lproj/LaunchScreen.xib; sourceTree = "<group>"; };
		97E917091BA6052F00D07C25 /* Shoebox.temp_caseinsensitive_rename.temp_caseinsensitive_renameTests.xctest */ = {isa = PBXFileReference; explicitFileType = wrapper.cfbundle; includeInIndex = 0; path = Shoebox.temp_caseinsensitive_rename.temp_caseinsensitive_renameTests.xctest; sourceTree = BUILT_PRODUCTS_DIR; };
		97E9170E1BA6052F00D07C25 /* Info.plist */ = {isa = PBXFileReference; lastKnownFileType = text.plist.xml; path = Info.plist; sourceTree = "<group>"; };
		97E9170F1BA6052F00D07C25 /* ShoeboxTests.swift */ = {isa = PBXFileReference; lastKnownFileType = sourcecode.swift; path = ShoeboxTests.swift; sourceTree = "<group>"; };
/* End PBXFileReference section */

/* Begin PBXFrameworksBuildPhase section */
		97E916F11BA6052F00D07C25 /* Frameworks */ = {
			isa = PBXFrameworksBuildPhase;
			buildActionMask = 2147483647;
			files = (
			);
			runOnlyForDeploymentPostprocessing = 0;
		};
		97E917061BA6052F00D07C25 /* Frameworks */ = {
			isa = PBXFrameworksBuildPhase;
			buildActionMask = 2147483647;
			files = (
			);
			runOnlyForDeploymentPostprocessing = 0;
		};
/* End PBXFrameworksBuildPhase section */

/* Begin PBXGroup section */
		972E3BE11BA6088300E8C3DB /* strings */ = {
			isa = PBXGroup;
			children = (
				972E3BCD1BA605D000E8C3DB /* defaults.strings */,
				972E3BD11BA605D000E8C3DB /* titles.strings */,
			);
			name = strings;
			sourceTree = "<group>";
		};
		972E3BE21BA6088900E8C3DB /* controllers */ = {
			isa = PBXGroup;
			children = (
				972E3BCA1BA605D000E8C3DB /* checklist.swift */,
				972E3BCB1BA605D000E8C3DB /* checklistDetail.swift */,
				972E3BC71BA605D000E8C3DB /* BaseViewController.swift */,
			);
			name = controllers;
			sourceTree = "<group>";
		};
		972E3BE31BA6089900E8C3DB /* xibs */ = {
			isa = PBXGroup;
			children = (
				972E3BC91BA605D000E8C3DB /* checkboxcell.xib */,
				972E3BC81BA605D000E8C3DB /* cbox.xib */,
			);
			name = xibs;
			sourceTree = "<group>";
		};
		972E3BE41BA608B100E8C3DB /* utils */ = {
			isa = PBXGroup;
			children = (
				972E3BCC1BA605D000E8C3DB /* constants.swift */,
				972E3BD01BA605D000E8C3DB /* storage.swift */,
				972E3BD31BA605D000E8C3DB /* utils.swift */,
			);
			name = utils;
			sourceTree = "<group>";
		};
		972E3BE51BA608F500E8C3DB /* models */ = {
			isa = PBXGroup;
			children = (
				972E3BCF1BA605D000E8C3DB /* item.swift */,
			);
			name = models;
			sourceTree = "<group>";
		};
		972E3BE61BAA6F6F00E8C3DB /* views */ = {
			isa = PBXGroup;
			children = (
			);
			name = views;
			sourceTree = "<group>";
		};
		972E3BED1BAA765D00E8C3DB /* images */ = {
			isa = PBXGroup;
			children = (
				972E3BF21BB13DDA00E8C3DB /* heart_selected.png */,
				972E3BFA1BB283FE00E8C3DB /* heart_unselected.png */,
			);
			name = images;
			sourceTree = "<group>";
		};
		97E916EB1BA6052F00D07C25 = {
			isa = PBXGroup;
			children = (
				97E916F61BA6052F00D07C25 /* Shoebox */,
				97E9170C1BA6052F00D07C25 /* ShoeboxTests */,
				97E916F51BA6052F00D07C25 /* Products */,
			);
			sourceTree = "<group>";
		};
		97E916F51BA6052F00D07C25 /* Products */ = {
			isa = PBXGroup;
			children = (
				97E916F41BA6052F00D07C25 /* Shoebox.temp_caseinsensitive_rename.temp_caseinsensitive_rename.app */,
				97E917091BA6052F00D07C25 /* Shoebox.temp_caseinsensitive_rename.temp_caseinsensitive_renameTests.xctest */,
			);
			name = Products;
			sourceTree = "<group>";
		};
		97E916F61BA6052F00D07C25 /* Shoebox */ = {
			isa = PBXGroup;
			children = (
				972E3BED1BAA765D00E8C3DB /* images */,
				972E3BE61BAA6F6F00E8C3DB /* views */,
				972E3BE51BA608F500E8C3DB /* models */,
				972E3BE41BA608B100E8C3DB /* utils */,
				972E3BE31BA6089900E8C3DB /* xibs */,
				972E3BE21BA6088900E8C3DB /* controllers */,
				972E3BE11BA6088300E8C3DB /* strings */,
				972E3BD21BA605D000E8C3DB /* todo */,
				97E916F91BA6052F00D07C25 /* AppDelegate.swift */,
				97E916FD1BA6052F00D07C25 /* Main.storyboard */,
				97E917001BA6052F00D07C25 /* Images.xcassets */,
				97E917021BA6052F00D07C25 /* LaunchScreen.xib */,
				97E916F71BA6052F00D07C25 /* Supporting Files */,
			);
			path = Shoebox;
			sourceTree = "<group>";
		};
		97E916F71BA6052F00D07C25 /* Supporting Files */ = {
			isa = PBXGroup;
			children = (
				97E916F81BA6052F00D07C25 /* Info.plist */,
			);
			name = "Supporting Files";
			sourceTree = "<group>";
		};
		97E9170C1BA6052F00D07C25 /* ShoeboxTests */ = {
			isa = PBXGroup;
			children = (
				97E9170F1BA6052F00D07C25 /* ShoeboxTests.swift */,
				97E9170D1BA6052F00D07C25 /* Supporting Files */,
			);
			path = ShoeboxTests;
			sourceTree = "<group>";
		};
		97E9170D1BA6052F00D07C25 /* Supporting Files */ = {
			isa = PBXGroup;
			children = (
				97E9170E1BA6052F00D07C25 /* Info.plist */,
			);
			name = "Supporting Files";
			sourceTree = "<group>";
		};
/* End PBXGroup section */

/* Begin PBXNativeTarget section */
		97E916F31BA6052F00D07C25 /* Shoebox.temp_caseinsensitive_rename.temp_caseinsensitive_rename */ = {
			isa = PBXNativeTarget;
			buildConfigurationList = 97E917131BA6052F00D07C25 /* Build configuration list for PBXNativeTarget "Shoebox.temp_caseinsensitive_rename.temp_caseinsensitive_rename" */;
			buildPhases = (
				97E916F01BA6052F00D07C25 /* Sources */,
				97E916F11BA6052F00D07C25 /* Frameworks */,
				97E916F21BA6052F00D07C25 /* Resources */,
			);
			buildRules = (
			);
			dependencies = (
			);
			name = Shoebox.temp_caseinsensitive_rename.temp_caseinsensitive_rename;
			productName = Shoebox;
			productReference = 97E916F41BA6052F00D07C25 /* Shoebox.temp_caseinsensitive_rename.temp_caseinsensitive_rename.app */;
			productType = "com.apple.product-type.application";
		};
		97E917081BA6052F00D07C25 /* Shoebox.temp_caseinsensitive_rename.temp_caseinsensitive_renameTests */ = {
			isa = PBXNativeTarget;
			buildConfigurationList = 97E917161BA6052F00D07C25 /* Build configuration list for PBXNativeTarget "Shoebox.temp_caseinsensitive_rename.temp_caseinsensitive_renameTests" */;
			buildPhases = (
				97E917051BA6052F00D07C25 /* Sources */,
				97E917061BA6052F00D07C25 /* Frameworks */,
				97E917071BA6052F00D07C25 /* Resources */,
			);
			buildRules = (
			);
			dependencies = (
				97E9170B1BA6052F00D07C25 /* PBXTargetDependency */,
			);
			name = Shoebox.temp_caseinsensitive_rename.temp_caseinsensitive_renameTests;
			productName = ShoeboxTests;
			productReference = 97E917091BA6052F00D07C25 /* Shoebox.temp_caseinsensitive_rename.temp_caseinsensitive_renameTests.xctest */;
			productType = "com.apple.product-type.bundle.unit-test";
		};
/* End PBXNativeTarget section */

/* Begin PBXProject section */
		97E916EC1BA6052F00D07C25 /* Project object */ = {
			isa = PBXProject;
			attributes = {
				LastUpgradeCheck = 0640;
				ORGANIZATIONNAME = unfaded;
				TargetAttributes = {
					97E916F31BA6052F00D07C25 = {
						CreatedOnToolsVersion = 6.4;
					};
					97E917081BA6052F00D07C25 = {
						CreatedOnToolsVersion = 6.4;
						TestTargetID = 97E916F31BA6052F00D07C25;
					};
				};
			};
			buildConfigurationList = 97E916EF1BA6052F00D07C25 /* Build configuration list for PBXProject "Shoebox" */;
			compatibilityVersion = "Xcode 3.2";
			developmentRegion = English;
			hasScannedForEncodings = 0;
			knownRegions = (
				en,
				Base,
			);
			mainGroup = 97E916EB1BA6052F00D07C25;
			productRefGroup = 97E916F51BA6052F00D07C25 /* Products */;
			projectDirPath = "";
			projectRoot = "";
			targets = (
				97E916F31BA6052F00D07C25 /* Shoebox.temp_caseinsensitive_rename.temp_caseinsensitive_rename */,
				97E917081BA6052F00D07C25 /* Shoebox.temp_caseinsensitive_rename.temp_caseinsensitive_renameTests */,
			);
		};
/* End PBXProject section */

/* Begin PBXResourcesBuildPhase section */
		97E916F21BA6052F00D07C25 /* Resources */ = {
			isa = PBXResourcesBuildPhase;
			buildActionMask = 2147483647;
			files = (
				972E3BDA1BA605D000E8C3DB /* defaults.strings in Resources */,
				97E916FF1BA6052F00D07C25 /* Main.storyboard in Resources */,
				972E3BDE1BA605D000E8C3DB /* titles.strings in Resources */,
				972E3BD61BA605D000E8C3DB /* checkboxcell.xib in Resources */,
				972E3BF31BB13DDA00E8C3DB /* heart_selected.png in Resources */,
				972E3BD51BA605D000E8C3DB /* cbox.xib in Resources */,
				972E3BDF1BA605D000E8C3DB /* todo in Resources */,
				97E917041BA6052F00D07C25 /* LaunchScreen.xib in Resources */,
				97E917011BA6052F00D07C25 /* Images.xcassets in Resources */,
				972E3BFB1BB283FE00E8C3DB /* heart_unselected.png in Resources */,
			);
			runOnlyForDeploymentPostprocessing = 0;
		};
		97E917071BA6052F00D07C25 /* Resources */ = {
			isa = PBXResourcesBuildPhase;
			buildActionMask = 2147483647;
			files = (
			);
			runOnlyForDeploymentPostprocessing = 0;
		};
/* End PBXResourcesBuildPhase section */

/* Begin PBXSourcesBuildPhase section */
		97E916F01BA6052F00D07C25 /* Sources */ = {
			isa = PBXSourcesBuildPhase;
			buildActionMask = 2147483647;
			files = (
				972E3BE01BA605D000E8C3DB /* utils.swift in Sources */,
				972E3BD71BA605D000E8C3DB /* checklist.swift in Sources */,
				972E3BDC1BA605D000E8C3DB /* item.swift in Sources */,
				97E916FA1BA6052F00D07C25 /* AppDelegate.swift in Sources */,
				972E3BD81BA605D000E8C3DB /* checklistDetail.swift in Sources */,
				972E3BDD1BA605D000E8C3DB /* storage.swift in Sources */,
				972E3BD41BA605D000E8C3DB /* BaseViewController.swift in Sources */,
				972E3BD91BA605D000E8C3DB /* constants.swift in Sources */,
			);
			runOnlyForDeploymentPostprocessing = 0;
		};
		97E917051BA6052F00D07C25 /* Sources */ = {
			isa = PBXSourcesBuildPhase;
			buildActionMask = 2147483647;
			files = (
				97E917101BA6052F00D07C25 /* ShoeboxTests.swift in Sources */,
			);
			runOnlyForDeploymentPostprocessing = 0;
		};
/* End PBXSourcesBuildPhase section */

/* Begin PBXTargetDependency section */
		97E9170B1BA6052F00D07C25 /* PBXTargetDependency */ = {
			isa = PBXTargetDependency;
			target = 97E916F31BA6052F00D07C25 /* Shoebox.temp_caseinsensitive_rename.temp_caseinsensitive_rename */;
			targetProxy = 97E9170A1BA6052F00D07C25 /* PBXContainerItemProxy */;
		};
/* End PBXTargetDependency section */

/* Begin PBXVariantGroup section */
		97E916FD1BA6052F00D07C25 /* Main.storyboard */ = {
			isa = PBXVariantGroup;
			children = (
				97E916FE1BA6052F00D07C25 /* Base */,
			);
			name = Main.storyboard;
			sourceTree = "<group>";
		};
		97E917021BA6052F00D07C25 /* LaunchScreen.xib */ = {
			isa = PBXVariantGroup;
			children = (
				97E917031BA6052F00D07C25 /* Base */,
			);
			name = LaunchScreen.xib;
			sourceTree = "<group>";
		};
/* End PBXVariantGroup section */

/* Begin XCBuildConfiguration section */
		97E917111BA6052F00D07C25 /* Debug */ = {
			isa = XCBuildConfiguration;
			buildSettings = {
				ALWAYS_SEARCH_USER_PATHS = NO;
				CLANG_CXX_LANGUAGE_STANDARD = "gnu++0x";
				CLANG_CXX_LIBRARY = "libc++";
				CLANG_ENABLE_MODULES = YES;
				CLANG_ENABLE_OBJC_ARC = YES;
				CLANG_WARN_BOOL_CONVERSION = YES;
				CLANG_WARN_CONSTANT_CONVERSION = YES;
				CLANG_WARN_DIRECT_OBJC_ISA_USAGE = YES_ERROR;
				CLANG_WARN_EMPTY_BODY = YES;
				CLANG_WARN_ENUM_CONVERSION = YES;
				CLANG_WARN_INT_CONVERSION = YES;
				CLANG_WARN_OBJC_ROOT_CLASS = YES_ERROR;
				CLANG_WARN_UNREACHABLE_CODE = YES;
				CLANG_WARN__DUPLICATE_METHOD_MATCH = YES;
				"CODE_SIGN_IDENTITY[sdk=iphoneos*]" = "iPhone Developer";
				COPY_PHASE_STRIP = NO;
				DEBUG_INFORMATION_FORMAT = "dwarf-with-dsym";
				ENABLE_STRICT_OBJC_MSGSEND = YES;
				GCC_C_LANGUAGE_STANDARD = gnu99;
				GCC_DYNAMIC_NO_PIC = NO;
				GCC_NO_COMMON_BLOCKS = YES;
				GCC_OPTIMIZATION_LEVEL = 0;
				GCC_PREPROCESSOR_DEFINITIONS = (
					"DEBUG=1",
					"$(inherited)",
				);
				GCC_SYMBOLS_PRIVATE_EXTERN = NO;
				GCC_WARN_64_TO_32_BIT_CONVERSION = YES;
				GCC_WARN_ABOUT_RETURN_TYPE = YES_ERROR;
				GCC_WARN_UNDECLARED_SELECTOR = YES;
				GCC_WARN_UNINITIALIZED_AUTOS = YES_AGGRESSIVE;
				GCC_WARN_UNUSED_FUNCTION = YES;
				GCC_WARN_UNUSED_VARIABLE = YES;
				IPHONEOS_DEPLOYMENT_TARGET = 8.4;
				MTL_ENABLE_DEBUG_INFO = YES;
				ONLY_ACTIVE_ARCH = YES;
				SDKROOT = iphoneos;
				SWIFT_OPTIMIZATION_LEVEL = "-Onone";
				TARGETED_DEVICE_FAMILY = "1,2";
			};
			name = Debug;
		};
		97E917121BA6052F00D07C25 /* Release */ = {
			isa = XCBuildConfiguration;
			buildSettings = {
				ALWAYS_SEARCH_USER_PATHS = NO;
				CLANG_CXX_LANGUAGE_STANDARD = "gnu++0x";
				CLANG_CXX_LIBRARY = "libc++";
				CLANG_ENABLE_MODULES = YES;
				CLANG_ENABLE_OBJC_ARC = YES;
				CLANG_WARN_BOOL_CONVERSION = YES;
				CLANG_WARN_CONSTANT_CONVERSION = YES;
				CLANG_WARN_DIRECT_OBJC_ISA_USAGE = YES_ERROR;
				CLANG_WARN_EMPTY_BODY = YES;
				CLANG_WARN_ENUM_CONVERSION = YES;
				CLANG_WARN_INT_CONVERSION = YES;
				CLANG_WARN_OBJC_ROOT_CLASS = YES_ERROR;
				CLANG_WARN_UNREACHABLE_CODE = YES;
				CLANG_WARN__DUPLICATE_METHOD_MATCH = YES;
				"CODE_SIGN_IDENTITY[sdk=iphoneos*]" = "iPhone Developer";
				COPY_PHASE_STRIP = NO;
				DEBUG_INFORMATION_FORMAT = "dwarf-with-dsym";
				ENABLE_NS_ASSERTIONS = NO;
				ENABLE_STRICT_OBJC_MSGSEND = YES;
				GCC_C_LANGUAGE_STANDARD = gnu99;
				GCC_NO_COMMON_BLOCKS = YES;
				GCC_WARN_64_TO_32_BIT_CONVERSION = YES;
				GCC_WARN_ABOUT_RETURN_TYPE = YES_ERROR;
				GCC_WARN_UNDECLARED_SELECTOR = YES;
				GCC_WARN_UNINITIALIZED_AUTOS = YES_AGGRESSIVE;
				GCC_WARN_UNUSED_FUNCTION = YES;
				GCC_WARN_UNUSED_VARIABLE = YES;
				IPHONEOS_DEPLOYMENT_TARGET = 8.4;
				MTL_ENABLE_DEBUG_INFO = NO;
				SDKROOT = iphoneos;
				TARGETED_DEVICE_FAMILY = "1,2";
				VALIDATE_PRODUCT = YES;
			};
			name = Release;
		};
		97E917141BA6052F00D07C25 /* Debug */ = {
			isa = XCBuildConfiguration;
			buildSettings = {
				ASSETCATALOG_COMPILER_APPICON_NAME = AppIcon;
				INFOPLIST_FILE = Shoebox/Info.plist;
				LD_RUNPATH_SEARCH_PATHS = "$(inherited) @executable_path/Frameworks";
				PRODUCT_NAME = Shoebox.temp_caseinsensitive_rename.temp_caseinsensitive_rename;
			};
			name = Debug;
		};
		97E917151BA6052F00D07C25 /* Release */ = {
			isa = XCBuildConfiguration;
			buildSettings = {
				ASSETCATALOG_COMPILER_APPICON_NAME = AppIcon;
				INFOPLIST_FILE = Shoebox/Info.plist;
				LD_RUNPATH_SEARCH_PATHS = "$(inherited) @executable_path/Frameworks";
				PRODUCT_NAME = Shoebox.temp_caseinsensitive_rename.temp_caseinsensitive_rename;
			};
			name = Release;
		};
		97E917171BA6052F00D07C25 /* Debug */ = {
			isa = XCBuildConfiguration;
			buildSettings = {
				BUNDLE_LOADER = "$(TEST_HOST)";
				FRAMEWORK_SEARCH_PATHS = (
					"$(SDKROOT)/Developer/Library/Frameworks",
					"$(inherited)",
				);
				GCC_PREPROCESSOR_DEFINITIONS = (
					"DEBUG=1",
					"$(inherited)",
				);
				INFOPLIST_FILE = ShoeboxTests/Info.plist;
				LD_RUNPATH_SEARCH_PATHS = "$(inherited) @executable_path/Frameworks @loader_path/Frameworks";
				PRODUCT_NAME = Shoebox.temp_caseinsensitive_rename.temp_caseinsensitive_renameTests;
				TEST_HOST = "$(BUILT_PRODUCTS_DIR)/Shoebox.app/Shoebox";
			};
			name = Debug;
		};
		97E917181BA6052F00D07C25 /* Release */ = {
			isa = XCBuildConfiguration;
			buildSettings = {
				BUNDLE_LOADER = "$(TEST_HOST)";
				FRAMEWORK_SEARCH_PATHS = (
					"$(SDKROOT)/Developer/Library/Frameworks",
					"$(inherited)",
				);
				INFOPLIST_FILE = ShoeboxTests/Info.plist;
				LD_RUNPATH_SEARCH_PATHS = "$(inherited) @executable_path/Frameworks @loader_path/Frameworks";
				PRODUCT_NAME = Shoebox.temp_caseinsensitive_rename.temp_caseinsensitive_renameTests;
				TEST_HOST = "$(BUILT_PRODUCTS_DIR)/Shoebox.app/Shoebox";
			};
			name = Release;
		};
/* End XCBuildConfiguration section */

/* Begin XCConfigurationList section */
		97E916EF1BA6052F00D07C25 /* Build configuration list for PBXProject "Shoebox" */ = {
			isa = XCConfigurationList;
			buildConfigurations = (
				97E917111BA6052F00D07C25 /* Debug */,
				97E917121BA6052F00D07C25 /* Release */,
			);
			defaultConfigurationIsVisible = 0;
			defaultConfigurationName = Release;
		};
		97E917131BA6052F00D07C25 /* Build configuration list for PBXNativeTarget "Shoebox.temp_caseinsensitive_rename.temp_caseinsensitive_rename" */ = {
			isa = XCConfigurationList;
			buildConfigurations = (
				97E917141BA6052F00D07C25 /* Debug */,
				97E917151BA6052F00D07C25 /* Release */,
			);
			defaultConfigurationIsVisible = 0;
			defaultConfigurationName = Release;
		};
		97E917161BA6052F00D07C25 /* Build configuration list for PBXNativeTarget "Shoebox.temp_caseinsensitive_rename.temp_caseinsensitive_renameTests" */ = {
			isa = XCConfigurationList;
			buildConfigurations = (
				97E917171BA6052F00D07C25 /* Debug */,
				97E917181BA6052F00D07C25 /* Release */,
			);
			defaultConfigurationIsVisible = 0;
			defaultConfigurationName = Release;
		};
/* End XCConfigurationList section */
	};
	rootObject = 97E916EC1BA6052F00D07C25 /* Project object */;
}
